
Microsoft Visual Studio Solution File, Format Version 12.00
# Visual Studio 14
VisualStudioVersion = 14.0.25420.1
MinimumVisualStudioVersion = 10.0.40219.1
Project("{E24C65DC-7377-472B-9ABA-BC803B73C61A}") = "CircuitBreaker_WebApp", "CircuitBreaker_WebApp", "{BF375CFD-DACF-4E7B-8622-A569D2401256}"
	ProjectSection(WebsiteProperties) = preProject
		TargetFrameworkMoniker = ".NETFramework,Version%3Dv4.6"
		ProjectReferences = "{c9442867-36b9-4cb4-ade3-48b7a9f07ff2}|BRL.dll;{7F9FC952-1EAF-47FD-923F-099DE269DC4C}|DAL.dll;"
		Debug.AspNetCompiler.VirtualPath = "/localhost_55902"
		Debug.AspNetCompiler.PhysicalPath = "CircuitBreaker_WebApp\"
		Debug.AspNetCompiler.TargetPath = "PrecompiledWeb\localhost_55902\"
		Debug.AspNetCompiler.Updateable = "true"
		Debug.AspNetCompiler.ForceOverwrite = "true"
		Debug.AspNetCompiler.FixedNames = "false"
		Debug.AspNetCompiler.Debug = "True"
		Release.AspNetCompiler.VirtualPath = "/localhost_55902"
		Release.AspNetCompiler.PhysicalPath = "CircuitBreaker_WebApp\"
		Release.AspNetCompiler.TargetPath = "PrecompiledWeb\localhost_55902\"
		Release.AspNetCompiler.Updateable = "true"
		Release.AspNetCompiler.ForceOverwrite = "true"
		Release.AspNetCompiler.FixedNames = "false"
		Release.AspNetCompiler.Debug = "False"
		VWDPort = "55902"
		SlnRelativePath = "CircuitBreaker_WebApp\"
		DefaultWebSiteLanguage = "Visual C#"
	EndProjectSection
EndProject
Project("{FAE04EC0-301F-11D3-BF4B-00C04F79EFBC}") = "BRL", "BRL\BRL.csproj", "{C9442867-36B9-4CB4-ADE3-48B7A9F07FF2}"
EndProject
Project("{FAE04EC0-301F-11D3-BF4B-00C04F79EFBC}") = "DAL", "DAL\DAL.csproj", "{7F9FC952-1EAF-47FD-923F-099DE269DC4C}"
EndProject
Global
	GlobalSection(SolutionConfigurationPlatforms) = preSolution
		Debug|Any CPU = Debug|Any CPU
		Release|Any CPU = Release|Any CPU
	EndGlobalSection
	GlobalSection(ProjectConfigurationPlatforms) = postSolution
		{BF375CFD-DACF-4E7B-8622-A569D2401256}.Debug|Any CPU.ActiveCfg = Debug|Any CPU
		{BF375CFD-DACF-4E7B-8622-A569D2401256}.Debug|Any CPU.Build.0 = Debug|Any CPU
		{BF375CFD-DACF-4E7B-8622-A569D2401256}.Release|Any CPU.ActiveCfg = Debug|Any CPU
		{BF375CFD-DACF-4E7B-8622-A569D2401256}.Release|Any CPU.Build.0 = Debug|Any CPU
		{C9442867-36B9-4CB4-ADE3-48B7A9F07FF2}.Debug|Any CPU.ActiveCfg = Debug|Any CPU
		{C9442867-36B9-4CB4-ADE3-48B7A9F07FF2}.Debug|Any CPU.Build.0 = Debug|Any CPU
		{C9442867-36B9-4CB4-ADE3-48B7A9F07FF2}.Release|Any CPU.ActiveCfg = Release|Any CPU
		{C9442867-36B9-4CB4-ADE3-48B7A9F07FF2}.Release|Any CPU.Build.0 = Release|Any CPU
		{7F9FC952-1EAF-47FD-923F-099DE269DC4C}.Debug|Any CPU.ActiveCfg = Debug|Any CPU
		{7F9FC952-1EAF-47FD-923F-099DE269DC4C}.Debug|Any CPU.Build.0 = Debug|Any CPU
		{7F9FC952-1EAF-47FD-923F-099DE269DC4C}.Release|Any CPU.ActiveCfg = Release|Any CPU
		{7F9FC952-1EAF-47FD-923F-099DE269DC4C}.Release|Any CPU.Build.0 = Release|Any CPU
	EndGlobalSection
	GlobalSection(SolutionProperties) = preSolution
		HideSolutionNode = FALSE
	EndGlobalSection
EndGlobal
